
Microsoft Visual Studio Solution File, Format Version 12.00
# Visual Studio Version 16
VisualStudioVersion = 16.0.30204.135
MinimumVisualStudioVersion = 10.0.40219.1
Project("{9A19103F-16F7-4668-BE54-9A1E7A4F7556}") = "DemoProject1", "DemoProject1\DemoProject1.csproj", "{99DE1DE1-2A92-4AC0-A284-C1332DF4BD10}"
EndProject
Global
	GlobalSection(SolutionConfigurationPlatforms) = preSolution
		Debug|Any CPU = Debug|Any CPU
		Release|Any CPU = Release|Any CPU
	EndGlobalSection
	GlobalSection(ProjectConfigurationPlatforms) = postSolution
		{99DE1DE1-2A92-4AC0-A284-C1332DF4BD10}.Debug|Any CPU.ActiveCfg = Debug|Any CPU
		{99DE1DE1-2A92-4AC0-A284-C1332DF4BD10}.Debug|Any CPU.Build.0 = Debug|Any CPU
		{99DE1DE1-2A92-4AC0-A284-C1332DF4BD10}.Release|Any CPU.ActiveCfg = Release|Any CPU
		{99DE1DE1-2A92-4AC0-A284-C1332DF4BD10}.Release|Any CPU.Build.0 = Release|Any CPU
	EndGlobalSection
	GlobalSection(SolutionProperties) = preSolution
		HideSolutionNode = FALSE
	EndGlobalSection
	GlobalSection(ExtensibilityGlobals) = postSolution
		SolutionGuid = {1C9621EB-D96F-45CA-AE37-106065A8D0D3}
	EndGlobalSection
EndGlobal
